
Microsoft Visual Studio Solution File, Format Version 12.00
# Visual Studio Version 17
VisualStudioVersion = 17.4.33213.308
MinimumVisualStudioVersion = 10.0.40219.1
Project("{FAE04EC0-301F-11D3-BF4B-00C04F79EFBC}") = "WebVIewDemo.Android", "WebVIewDemo\WebVIewDemo.Android\WebVIewDemo.Android.csproj", "{6A4A2D54-6E3D-487F-9885-8390809EE171}"
EndProject
Project("{FAE04EC0-301F-11D3-BF4B-00C04F79EFBC}") = "WebVIewDemo.iOS", "WebVIewDemo\WebVIewDemo.iOS\WebVIewDemo.iOS.csproj", "{57432A08-C303-4427-B6DC-94D691DDC630}"
EndProject
Project("{FAE04EC0-301F-11D3-BF4B-00C04F79EFBC}") = "WebVIewDemo", "WebVIewDemo\WebVIewDemo\WebVIewDemo.csproj", "{61945E77-EAF8-497B-ABC6-288ED4749CBC}"
EndProject
Global
	GlobalSection(SolutionConfigurationPlatforms) = preSolution
		Debug|Any CPU = Debug|Any CPU
		Debug|iPhone = Debug|iPhone
		Debug|iPhoneSimulator = Debug|iPhoneSimulator
		Release|Any CPU = Release|Any CPU
		Release|iPhone = Release|iPhone
		Release|iPhoneSimulator = Release|iPhoneSimulator
	EndGlobalSection
	GlobalSection(ProjectConfigurationPlatforms) = postSolution
		{6A4A2D54-6E3D-487F-9885-8390809EE171}.Debug|Any CPU.ActiveCfg = Debug|Any CPU
		{6A4A2D54-6E3D-487F-9885-8390809EE171}.Debug|Any CPU.Build.0 = Debug|Any CPU
		{6A4A2D54-6E3D-487F-9885-8390809EE171}.Debug|Any CPU.Deploy.0 = Debug|Any CPU
		{6A4A2D54-6E3D-487F-9885-8390809EE171}.Debug|iPhone.ActiveCfg = Debug|Any CPU
		{6A4A2D54-6E3D-487F-9885-8390809EE171}.Debug|iPhone.Build.0 = Debug|Any CPU
		{6A4A2D54-6E3D-487F-9885-8390809EE171}.Debug|iPhone.Deploy.0 = Debug|Any CPU
		{6A4A2D54-6E3D-487F-9885-8390809EE171}.Debug|iPhoneSimulator.ActiveCfg = Debug|Any CPU
		{6A4A2D54-6E3D-487F-9885-8390809EE171}.Debug|iPhoneSimulator.Build.0 = Debug|Any CPU
		{6A4A2D54-6E3D-487F-9885-8390809EE171}.Debug|iPhoneSimulator.Deploy.0 = Debug|Any CPU
		{6A4A2D54-6E3D-487F-9885-8390809EE171}.Release|Any CPU.ActiveCfg = Release|Any CPU
		{6A4A2D54-6E3D-487F-9885-8390809EE171}.Release|Any CPU.Build.0 = Release|Any CPU
		{6A4A2D54-6E3D-487F-9885-8390809EE171}.Release|Any CPU.Deploy.0 = Release|Any CPU
		{6A4A2D54-6E3D-487F-9885-8390809EE171}.Release|iPhone.ActiveCfg = Release|Any CPU
		{6A4A2D54-6E3D-487F-9885-8390809EE171}.Release|iPhone.Build.0 = Release|Any CPU
		{6A4A2D54-6E3D-487F-9885-8390809EE171}.Release|iPhone.Deploy.0 = Release|Any CPU
		{6A4A2D54-6E3D-487F-9885-8390809EE171}.Release|iPhoneSimulator.ActiveCfg = Release|Any CPU
		{6A4A2D54-6E3D-487F-9885-8390809EE171}.Release|iPhoneSimulator.Build.0 = Release|Any CPU
		{6A4A2D54-6E3D-487F-9885-8390809EE171}.Release|iPhoneSimulator.Deploy.0 = Release|Any CPU
		{57432A08-C303-4427-B6DC-94D691DDC630}.Debug|Any CPU.ActiveCfg = Debug|iPhone
		{57432A08-C303-4427-B6DC-94D691DDC630}.Debug|Any CPU.Build.0 = Debug|iPhone
		{57432A08-C303-4427-B6DC-94D691DDC630}.Debug|Any CPU.Deploy.0 = Debug|iPhone
		{57432A08-C303-4427-B6DC-94D691DDC630}.Debug|iPhone.ActiveCfg = Debug|iPhone
		{57432A08-C303-4427-B6DC-94D691DDC630}.Debug|iPhone.Build.0 = Debug|iPhone
		{57432A08-C303-4427-B6DC-94D691DDC630}.Debug|iPhone.Deploy.0 = Debug|iPhone
		{57432A08-C303-4427-B6DC-94D691DDC630}.Debug|iPhoneSimulator.ActiveCfg = Debug|iPhoneSimulator
		{57432A08-C303-4427-B6DC-94D691DDC630}.Debug|iPhoneSimulator.Build.0 = Debug|iPhoneSimulator
		{57432A08-C303-4427-B6DC-94D691DDC630}.Debug|iPhoneSimulator.Deploy.0 = Debug|iPhoneSimulator
		{57432A08-C303-4427-B6DC-94D691DDC630}.Release|Any CPU.ActiveCfg = Release|iPhoneSimulator
		{57432A08-C303-4427-B6DC-94D691DDC630}.Release|Any CPU.Build.0 = Release|iPhoneSimulator
		{57432A08-C303-4427-B6DC-94D691DDC630}.Release|Any CPU.Deploy.0 = Release|iPhoneSimulator
		{57432A08-C303-4427-B6DC-94D691DDC630}.Release|iPhone.ActiveCfg = Release|iPhone
		{57432A08-C303-4427-B6DC-94D691DDC630}.Release|iPhone.Build.0 = Release|iPhone
		{57432A08-C303-4427-B6DC-94D691DDC630}.Release|iPhone.Deploy.0 = Release|iPhone
		{57432A08-C303-4427-B6DC-94D691DDC630}.Release|iPhoneSimulator.ActiveCfg = Release|iPhoneSimulator
		{57432A08-C303-4427-B6DC-94D691DDC630}.Release|iPhoneSimulator.Build.0 = Release|iPhoneSimulator
		{57432A08-C303-4427-B6DC-94D691DDC630}.Release|iPhoneSimulator.Deploy.0 = Release|iPhoneSimulator
		{61945E77-EAF8-497B-ABC6-288ED4749CBC}.Debug|Any CPU.ActiveCfg = Debug|Any CPU
		{61945E77-EAF8-497B-ABC6-288ED4749CBC}.Debug|Any CPU.Build.0 = Debug|Any CPU
		{61945E77-EAF8-497B-ABC6-288ED4749CBC}.Debug|Any CPU.Deploy.0 = Debug|Any CPU
		{61945E77-EAF8-497B-ABC6-288ED4749CBC}.Debug|iPhone.ActiveCfg = Debug|Any CPU
		{61945E77-EAF8-497B-ABC6-288ED4749CBC}.Debug|iPhone.Build.0 = Debug|Any CPU
		{61945E77-EAF8-497B-ABC6-288ED4749CBC}.Debug|iPhone.Deploy.0 = Debug|Any CPU
		{61945E77-EAF8-497B-ABC6-288ED4749CBC}.Debug|iPhoneSimulator.ActiveCfg = Debug|Any CPU
		{61945E77-EAF8-497B-ABC6-288ED4749CBC}.Debug|iPhoneSimulator.Build.0 = Debug|Any CPU
		{61945E77-EAF8-497B-ABC6-288ED4749CBC}.Debug|iPhoneSimulator.Deploy.0 = Debug|Any CPU
		{61945E77-EAF8-497B-ABC6-288ED4749CBC}.Release|Any CPU.ActiveCfg = Release|Any CPU
		{61945E77-EAF8-497B-ABC6-288ED4749CBC}.Release|Any CPU.Build.0 = Release|Any CPU
		{61945E77-EAF8-497B-ABC6-288ED4749CBC}.Release|Any CPU.Deploy.0 = Release|Any CPU
		{61945E77-EAF8-497B-ABC6-288ED4749CBC}.Release|iPhone.ActiveCfg = Release|Any CPU
		{61945E77-EAF8-497B-ABC6-288ED4749CBC}.Release|iPhone.Build.0 = Release|Any CPU
		{61945E77-EAF8-497B-ABC6-288ED4749CBC}.Release|iPhone.Deploy.0 = Release|Any CPU
		{61945E77-EAF8-497B-ABC6-288ED4749CBC}.Release|iPhoneSimulator.ActiveCfg = Release|Any CPU
		{61945E77-EAF8-497B-ABC6-288ED4749CBC}.Release|iPhoneSimulator.Build.0 = Release|Any CPU
		{61945E77-EAF8-497B-ABC6-288ED4749CBC}.Release|iPhoneSimulator.Deploy.0 = Release|Any CPU
	EndGlobalSection
	GlobalSection(SolutionProperties) = preSolution
		HideSolutionNode = FALSE
	EndGlobalSection
	GlobalSection(ExtensibilityGlobals) = postSolution
		SolutionGuid = {08EBFB79-6920-422C-AB14-1B11A9D6EEBA}
	EndGlobalSection
EndGlobal
